
Microsoft Visual Studio Solution File, Format Version 12.00
# Visual Studio Version 16
VisualStudioVersion = 16.0.31005.135
MinimumVisualStudioVersion = 10.0.40219.1
Project("{FAE04EC0-301F-11D3-BF4B-00C04F79EFBC}") = "Server", "Server.csproj", "{7486509E-E584-4974-A609-D96EBBDAAC24}"
EndProject
Global
	GlobalSection(SolutionConfigurationPlatforms) = preSolution
		Debug|Any CPU = Debug|Any CPU
		Release|Any CPU = Release|Any CPU
	EndGlobalSection
	GlobalSection(ProjectConfigurationPlatforms) = postSolution
		{7486509E-E584-4974-A609-D96EBBDAAC24}.Debug|Any CPU.ActiveCfg = Debug|Any CPU
		{7486509E-E584-4974-A609-D96EBBDAAC24}.Debug|Any CPU.Build.0 = Debug|Any CPU
		{7486509E-E584-4974-A609-D96EBBDAAC24}.Release|Any CPU.ActiveCfg = Release|Any CPU
		{7486509E-E584-4974-A609-D96EBBDAAC24}.Release|Any CPU.Build.0 = Release|Any CPU
	EndGlobalSection
	GlobalSection(SolutionProperties) = preSolution
		HideSolutionNode = FALSE
	EndGlobalSection
	GlobalSection(ExtensibilityGlobals) = postSolution
		SolutionGuid = {55997CC4-DC48-4D90-8E53-C0D2C24EF3C2}
	EndGlobalSection
EndGlobal
