
Microsoft Visual Studio Solution File, Format Version 12.00
# Visual Studio Version 16
VisualStudioVersion = 16.0.30907.101
MinimumVisualStudioVersion = 10.0.40219.1
Project("{9A19103F-16F7-4668-BE54-9A1E7A4F7556}") = "ConsoleMessenger", "ConsoleMessenger.csproj", "{24CA1D5A-18DD-4AF0-9072-1A446D1E8F9E}"
EndProject
Project("{9A19103F-16F7-4668-BE54-9A1E7A4F7556}") = "ASP Core Server", "..\Server\Server\ASP Core Server.csproj", "{4843B40D-9AD0-4387-AA2E-F2ABB19732F2}"
EndProject
Project("{FAE04EC0-301F-11D3-BF4B-00C04F79EFBC}") = "ConsoleMessengerWithGUI", "..\ConsoleMessengerWithGUI\ConsoleMessengerWithGUI.csproj", "{55252F6D-0AFB-46FB-B79A-97590F31CE78}"
EndProject
Global
	GlobalSection(SolutionConfigurationPlatforms) = preSolution
		Debug|Any CPU = Debug|Any CPU
		Release|Any CPU = Release|Any CPU
	EndGlobalSection
	GlobalSection(ProjectConfigurationPlatforms) = postSolution
		{24CA1D5A-18DD-4AF0-9072-1A446D1E8F9E}.Debug|Any CPU.ActiveCfg = Debug|Any CPU
		{24CA1D5A-18DD-4AF0-9072-1A446D1E8F9E}.Debug|Any CPU.Build.0 = Debug|Any CPU
		{24CA1D5A-18DD-4AF0-9072-1A446D1E8F9E}.Release|Any CPU.ActiveCfg = Release|Any CPU
		{24CA1D5A-18DD-4AF0-9072-1A446D1E8F9E}.Release|Any CPU.Build.0 = Release|Any CPU
		{4843B40D-9AD0-4387-AA2E-F2ABB19732F2}.Debug|Any CPU.ActiveCfg = Debug|Any CPU
		{4843B40D-9AD0-4387-AA2E-F2ABB19732F2}.Debug|Any CPU.Build.0 = Debug|Any CPU
		{4843B40D-9AD0-4387-AA2E-F2ABB19732F2}.Release|Any CPU.ActiveCfg = Release|Any CPU
		{4843B40D-9AD0-4387-AA2E-F2ABB19732F2}.Release|Any CPU.Build.0 = Release|Any CPU
		{55252F6D-0AFB-46FB-B79A-97590F31CE78}.Debug|Any CPU.ActiveCfg = Debug|Any CPU
		{55252F6D-0AFB-46FB-B79A-97590F31CE78}.Debug|Any CPU.Build.0 = Debug|Any CPU
		{55252F6D-0AFB-46FB-B79A-97590F31CE78}.Release|Any CPU.ActiveCfg = Release|Any CPU
		{55252F6D-0AFB-46FB-B79A-97590F31CE78}.Release|Any CPU.Build.0 = Release|Any CPU
	EndGlobalSection
	GlobalSection(SolutionProperties) = preSolution
		HideSolutionNode = FALSE
	EndGlobalSection
	GlobalSection(ExtensibilityGlobals) = postSolution
		SolutionGuid = {D8AD02C1-FB91-49BA-A323-CB9DDA014324}
	EndGlobalSection
EndGlobal
